// !$*UTF8*$!
{
	archiveVersion = 1;
	classes = {
	};
	objectVersion = 56;
	objects = {

/* Begin PBXBuildFile section */
		BA8097F52A2A154700CF7A18 /* TODO.swift in Sources */ = {isa = PBXBuildFile; fileRef = BA8097F42A2A154700CF7A18 /* TODO.swift */; };
		BAA6C0DE2A2DE6DD009425FD /* DateFormatter.swift in Sources */ = {isa = PBXBuildFile; fileRef = BAA6C0DD2A2DE6DD009425FD /* DateFormatter.swift */; };
		BAA6C0E02A2DE972009425FD /* DetailView.swift in Sources */ = {isa = PBXBuildFile; fileRef = BAA6C0DF2A2DE972009425FD /* DetailView.swift */; };
		BAA6C0E42A2DEA84009425FD /* WebView.swift in Sources */ = {isa = PBXBuildFile; fileRef = BAA6C0E32A2DEA84009425FD /* WebView.swift */; };
		BAA6C0E62A2DF2E9009425FD /* KeyBoardHandler.swift in Sources */ = {isa = PBXBuildFile; fileRef = BAA6C0E52A2DF2E9009425FD /* KeyBoardHandler.swift */; };
		BAEE11082A29A1150061AAF6 /* EventsApp.swift in Sources */ = {isa = PBXBuildFile; fileRef = BAEE11072A29A1150061AAF6 /* EventsApp.swift */; };
		BAEE110A2A29A1150061AAF6 /* MainView.swift in Sources */ = {isa = PBXBuildFile; fileRef = BAEE11092A29A1150061AAF6 /* MainView.swift */; };
		BAEE110C2A29A1170061AAF6 /* Assets.xcassets in Resources */ = {isa = PBXBuildFile; fileRef = BAEE110B2A29A1170061AAF6 /* Assets.xcassets */; };
		BAEE110F2A29A1170061AAF6 /* Preview Assets.xcassets in Resources */ = {isa = PBXBuildFile; fileRef = BAEE110E2A29A1170061AAF6 /* Preview Assets.xcassets */; };
		BAEE111A2A29A2000061AAF6 /* MainViewViewModel.swift in Sources */ = {isa = PBXBuildFile; fileRef = BAEE11192A29A1FF0061AAF6 /* MainViewViewModel.swift */; };
		BAEE111C2A29A3EE0061AAF6 /* GoogleService-Info.plist in Resources */ = {isa = PBXBuildFile; fileRef = BAEE111B2A29A3EE0061AAF6 /* GoogleService-Info.plist */; };
		BAEE11202A29A9EB0061AAF6 /* FirebaseAuth in Frameworks */ = {isa = PBXBuildFile; productRef = BAEE111F2A29A9EB0061AAF6 /* FirebaseAuth */; };
		BAEE11222A29A9EB0061AAF6 /* FirebaseFirestore in Frameworks */ = {isa = PBXBuildFile; productRef = BAEE11212A29A9EB0061AAF6 /* FirebaseFirestore */; };
		BAEE11242A29A9EB0061AAF6 /* FirebaseFirestoreSwift in Frameworks */ = {isa = PBXBuildFile; productRef = BAEE11232A29A9EB0061AAF6 /* FirebaseFirestoreSwift */; };
		BAEE11282A29AF780061AAF6 /* LoginView.swift in Sources */ = {isa = PBXBuildFile; fileRef = BAEE11272A29AF780061AAF6 /* LoginView.swift */; };
		BAEE112A2A29AF830061AAF6 /* RegisterView.swift in Sources */ = {isa = PBXBuildFile; fileRef = BAEE11292A29AF830061AAF6 /* RegisterView.swift */; };
		BAEE112C2A29AF950061AAF6 /* EventsListView.swift in Sources */ = {isa = PBXBuildFile; fileRef = BAEE112B2A29AF950061AAF6 /* EventsListView.swift */; };
		BAEE112E2A29AFA50061AAF6 /* EventRowView.swift in Sources */ = {isa = PBXBuildFile; fileRef = BAEE112D2A29AFA50061AAF6 /* EventRowView.swift */; };
		BAEE11302A29AFB70061AAF6 /* LoginViewViewModel.swift in Sources */ = {isa = PBXBuildFile; fileRef = BAEE112F2A29AFB70061AAF6 /* LoginViewViewModel.swift */; };
		BAEE11322A29AFC20061AAF6 /* RegisterViewViewModel.swift in Sources */ = {isa = PBXBuildFile; fileRef = BAEE11312A29AFC20061AAF6 /* RegisterViewViewModel.swift */; };
		BAEE11342A29AFD80061AAF6 /* EventsListViewViewModel.swift in Sources */ = {isa = PBXBuildFile; fileRef = BAEE11332A29AFD80061AAF6 /* EventsListViewViewModel.swift */; };
		BAEE11362A29AFE90061AAF6 /* EventRowViewViewModel.swift in Sources */ = {isa = PBXBuildFile; fileRef = BAEE11352A29AFE90061AAF6 /* EventRowViewViewModel.swift */; };
		BAEE11382A29B0030061AAF6 /* User.swift in Sources */ = {isa = PBXBuildFile; fileRef = BAEE11372A29B0030061AAF6 /* User.swift */; };
		BAEE113A2A29B0160061AAF6 /* EventItem.swift in Sources */ = {isa = PBXBuildFile; fileRef = BAEE11392A29B0160061AAF6 /* EventItem.swift */; };
		BAEE113C2A29B0260061AAF6 /* Extencions.swift in Sources */ = {isa = PBXBuildFile; fileRef = BAEE113B2A29B0260061AAF6 /* Extencions.swift */; };
		BAEE113E2A29B0AA0061AAF6 /* HeaderView.swift in Sources */ = {isa = PBXBuildFile; fileRef = BAEE113D2A29B0AA0061AAF6 /* HeaderView.swift */; };
		BAEE11432A29B5890061AAF6 /* ReuseableButton.swift in Sources */ = {isa = PBXBuildFile; fileRef = BAEE11422A29B5890061AAF6 /* ReuseableButton.swift */; };
/* End PBXBuildFile section */

/* Begin PBXFileReference section */
		BA8097F42A2A154700CF7A18 /* TODO.swift */ = {isa = PBXFileReference; lastKnownFileType = sourcecode.swift; path = TODO.swift; sourceTree = "<group>"; };
		BAA6C0DD2A2DE6DD009425FD /* DateFormatter.swift */ = {isa = PBXFileReference; lastKnownFileType = sourcecode.swift; path = DateFormatter.swift; sourceTree = "<group>"; };
		BAA6C0DF2A2DE972009425FD /* DetailView.swift */ = {isa = PBXFileReference; lastKnownFileType = sourcecode.swift; path = DetailView.swift; sourceTree = "<group>"; };
		BAA6C0E32A2DEA84009425FD /* WebView.swift */ = {isa = PBXFileReference; lastKnownFileType = sourcecode.swift; path = WebView.swift; sourceTree = "<group>"; };
		BAA6C0E52A2DF2E9009425FD /* KeyBoardHandler.swift */ = {isa = PBXFileReference; lastKnownFileType = sourcecode.swift; path = KeyBoardHandler.swift; sourceTree = "<group>"; };
		BAEE11042A29A1150061AAF6 /* Events.app */ = {isa = PBXFileReference; explicitFileType = wrapper.application; includeInIndex = 0; path = Events.app; sourceTree = BUILT_PRODUCTS_DIR; };
		BAEE11072A29A1150061AAF6 /* EventsApp.swift */ = {isa = PBXFileReference; lastKnownFileType = sourcecode.swift; path = EventsApp.swift; sourceTree = "<group>"; };
		BAEE11092A29A1150061AAF6 /* MainView.swift */ = {isa = PBXFileReference; lastKnownFileType = sourcecode.swift; path = MainView.swift; sourceTree = "<group>"; };
		BAEE110B2A29A1170061AAF6 /* Assets.xcassets */ = {isa = PBXFileReference; lastKnownFileType = folder.assetcatalog; path = Assets.xcassets; sourceTree = "<group>"; };
		BAEE110E2A29A1170061AAF6 /* Preview Assets.xcassets */ = {isa = PBXFileReference; lastKnownFileType = folder.assetcatalog; path = "Preview Assets.xcassets"; sourceTree = "<group>"; };
		BAEE11192A29A1FF0061AAF6 /* MainViewViewModel.swift */ = {isa = PBXFileReference; lastKnownFileType = sourcecode.swift; path = MainViewViewModel.swift; sourceTree = "<group>"; };
		BAEE111B2A29A3EE0061AAF6 /* GoogleService-Info.plist */ = {isa = PBXFileReference; fileEncoding = 4; lastKnownFileType = text.plist.xml; path = "GoogleService-Info.plist"; sourceTree = "<group>"; };
		BAEE11272A29AF780061AAF6 /* LoginView.swift */ = {isa = PBXFileReference; lastKnownFileType = sourcecode.swift; path = LoginView.swift; sourceTree = "<group>"; };
		BAEE11292A29AF830061AAF6 /* RegisterView.swift */ = {isa = PBXFileReference; lastKnownFileType = sourcecode.swift; path = RegisterView.swift; sourceTree = "<group>"; };
		BAEE112B2A29AF950061AAF6 /* EventsListView.swift */ = {isa = PBXFileReference; lastKnownFileType = sourcecode.swift; path = EventsListView.swift; sourceTree = "<group>"; };
		BAEE112D2A29AFA50061AAF6 /* EventRowView.swift */ = {isa = PBXFileReference; lastKnownFileType = sourcecode.swift; path = EventRowView.swift; sourceTree = "<group>"; };
		BAEE112F2A29AFB70061AAF6 /* LoginViewViewModel.swift */ = {isa = PBXFileReference; lastKnownFileType = sourcecode.swift; path = LoginViewViewModel.swift; sourceTree = "<group>"; };
		BAEE11312A29AFC20061AAF6 /* RegisterViewViewModel.swift */ = {isa = PBXFileReference; lastKnownFileType = sourcecode.swift; path = RegisterViewViewModel.swift; sourceTree = "<group>"; };
		BAEE11332A29AFD80061AAF6 /* EventsListViewViewModel.swift */ = {isa = PBXFileReference; lastKnownFileType = sourcecode.swift; path = EventsListViewViewModel.swift; sourceTree = "<group>"; };
		BAEE11352A29AFE90061AAF6 /* EventRowViewViewModel.swift */ = {isa = PBXFileReference; lastKnownFileType = sourcecode.swift; path = EventRowViewViewModel.swift; sourceTree = "<group>"; };
		BAEE11372A29B0030061AAF6 /* User.swift */ = {isa = PBXFileReference; lastKnownFileType = sourcecode.swift; path = User.swift; sourceTree = "<group>"; };
		BAEE11392A29B0160061AAF6 /* EventItem.swift */ = {isa = PBXFileReference; lastKnownFileType = sourcecode.swift; path = EventItem.swift; sourceTree = "<group>"; };
		BAEE113B2A29B0260061AAF6 /* Extencions.swift */ = {isa = PBXFileReference; lastKnownFileType = sourcecode.swift; path = Extencions.swift; sourceTree = "<group>"; };
		BAEE113D2A29B0AA0061AAF6 /* HeaderView.swift */ = {isa = PBXFileReference; lastKnownFileType = sourcecode.swift; path = HeaderView.swift; sourceTree = "<group>"; };
		BAEE11422A29B5890061AAF6 /* ReuseableButton.swift */ = {isa = PBXFileReference; lastKnownFileType = sourcecode.swift; path = ReuseableButton.swift; sourceTree = "<group>"; };
/* End PBXFileReference section */

/* Begin PBXFrameworksBuildPhase section */
		BAEE11012A29A1150061AAF6 /* Frameworks */ = {
			isa = PBXFrameworksBuildPhase;
			buildActionMask = 2147483647;
			files = (
				BAEE11202A29A9EB0061AAF6 /* FirebaseAuth in Frameworks */,
				BAEE11222A29A9EB0061AAF6 /* FirebaseFirestore in Frameworks */,
				BAEE11242A29A9EB0061AAF6 /* FirebaseFirestoreSwift in Frameworks */,
			);
			runOnlyForDeploymentPostprocessing = 0;
		};
/* End PBXFrameworksBuildPhase section */

/* Begin PBXGroup section */
		BAEE10FB2A29A1150061AAF6 = {
			isa = PBXGroup;
			children = (
				BAEE11062A29A1150061AAF6 /* Events */,
				BAEE11052A29A1150061AAF6 /* Products */,
			);
			sourceTree = "<group>";
		};
		BAEE11052A29A1150061AAF6 /* Products */ = {
			isa = PBXGroup;
			children = (
				BAEE11042A29A1150061AAF6 /* Events.app */,
			);
			name = Products;
			sourceTree = "<group>";
		};
		BAEE11062A29A1150061AAF6 /* Events */ = {
			isa = PBXGroup;
			children = (
				BAEE11182A29A1780061AAF6 /* Other */,
				BAEE11152A29A1470061AAF6 /* Model */,
				BAEE11162A29A14E0061AAF6 /* ViewModel */,
				BAEE11172A29A1550061AAF6 /* View */,
				BAEE110D2A29A1170061AAF6 /* Preview Content */,
				BA8097F42A2A154700CF7A18 /* TODO.swift */,
			);
			path = Events;
			sourceTree = "<group>";
		};
		BAEE110D2A29A1170061AAF6 /* Preview Content */ = {
			isa = PBXGroup;
			children = (
				BAEE110E2A29A1170061AAF6 /* Preview Assets.xcassets */,
			);
			path = "Preview Content";
			sourceTree = "<group>";
		};
		BAEE11152A29A1470061AAF6 /* Model */ = {
			isa = PBXGroup;
			children = (
				BAEE11372A29B0030061AAF6 /* User.swift */,
				BAEE11392A29B0160061AAF6 /* EventItem.swift */,
			);
			path = Model;
			sourceTree = "<group>";
		};
		BAEE11162A29A14E0061AAF6 /* ViewModel */ = {
			isa = PBXGroup;
			children = (
				BAEE11192A29A1FF0061AAF6 /* MainViewViewModel.swift */,
				BAEE112F2A29AFB70061AAF6 /* LoginViewViewModel.swift */,
				BAEE11312A29AFC20061AAF6 /* RegisterViewViewModel.swift */,
				BAEE11332A29AFD80061AAF6 /* EventsListViewViewModel.swift */,
				BAEE11352A29AFE90061AAF6 /* EventRowViewViewModel.swift */,
				BAA6C0E32A2DEA84009425FD /* WebView.swift */,
			);
			path = ViewModel;
			sourceTree = "<group>";
		};
		BAEE11172A29A1550061AAF6 /* View */ = {
			isa = PBXGroup;
			children = (
				BAEE11092A29A1150061AAF6 /* MainView.swift */,
				BAEE11272A29AF780061AAF6 /* LoginView.swift */,
				BAEE11292A29AF830061AAF6 /* RegisterView.swift */,
				BAEE112B2A29AF950061AAF6 /* EventsListView.swift */,
				BAA6C0DF2A2DE972009425FD /* DetailView.swift */,
				BAEE112D2A29AFA50061AAF6 /* EventRowView.swift */,
				BAEE113D2A29B0AA0061AAF6 /* HeaderView.swift */,
				BAEE11422A29B5890061AAF6 /* ReuseableButton.swift */,
			);
			path = View;
			sourceTree = "<group>";
		};
		BAEE11182A29A1780061AAF6 /* Other */ = {
			isa = PBXGroup;
			children = (
				BAEE111B2A29A3EE0061AAF6 /* GoogleService-Info.plist */,
				BAEE110B2A29A1170061AAF6 /* Assets.xcassets */,
				BAEE11072A29A1150061AAF6 /* EventsApp.swift */,
				BAEE113B2A29B0260061AAF6 /* Extencions.swift */,
				BAA6C0DD2A2DE6DD009425FD /* DateFormatter.swift */,
				BAA6C0E52A2DF2E9009425FD /* KeyBoardHandler.swift */,
			);
			path = Other;
			sourceTree = "<group>";
		};
/* End PBXGroup section */

/* Begin PBXNativeTarget section */
		BAEE11032A29A1150061AAF6 /* Events */ = {
			isa = PBXNativeTarget;
			buildConfigurationList = BAEE11122A29A1170061AAF6 /* Build configuration list for PBXNativeTarget "Events" */;
			buildPhases = (
				BAEE11002A29A1150061AAF6 /* Sources */,
				BAEE11012A29A1150061AAF6 /* Frameworks */,
				BAEE11022A29A1150061AAF6 /* Resources */,
			);
			buildRules = (
			);
			dependencies = (
			);
			name = Events;
			packageProductDependencies = (
				BAEE111F2A29A9EB0061AAF6 /* FirebaseAuth */,
				BAEE11212A29A9EB0061AAF6 /* FirebaseFirestore */,
				BAEE11232A29A9EB0061AAF6 /* FirebaseFirestoreSwift */,
			);
			productName = Events;
			productReference = BAEE11042A29A1150061AAF6 /* Events.app */;
			productType = "com.apple.product-type.application";
		};
/* End PBXNativeTarget section */

/* Begin PBXProject section */
		BAEE10FC2A29A1150061AAF6 /* Project object */ = {
			isa = PBXProject;
			attributes = {
				BuildIndependentTargetsInParallel = 1;
				LastSwiftUpdateCheck = 1430;
				LastUpgradeCheck = 1430;
				TargetAttributes = {
					BAEE11032A29A1150061AAF6 = {
						CreatedOnToolsVersion = 14.3;
					};
				};
			};
			buildConfigurationList = BAEE10FF2A29A1150061AAF6 /* Build configuration list for PBXProject "Events" */;
			compatibilityVersion = "Xcode 14.0";
			developmentRegion = en;
			hasScannedForEncodings = 0;
			knownRegions = (
				en,
				Base,
			);
			mainGroup = BAEE10FB2A29A1150061AAF6;
			packageReferences = (
				BAEE111E2A29A9EB0061AAF6 /* XCRemoteSwiftPackageReference "firebase-ios-sdk" */,
			);
			productRefGroup = BAEE11052A29A1150061AAF6 /* Products */;
			projectDirPath = "";
			projectRoot = "";
			targets = (
				BAEE11032A29A1150061AAF6 /* Events */,
			);
		};
/* End PBXProject section */

/* Begin PBXResourcesBuildPhase section */
		BAEE11022A29A1150061AAF6 /* Resources */ = {
			isa = PBXResourcesBuildPhase;
			buildActionMask = 2147483647;
			files = (
				BAEE110F2A29A1170061AAF6 /* Preview Assets.xcassets in Resources */,
				BAEE111C2A29A3EE0061AAF6 /* GoogleService-Info.plist in Resources */,
				BAEE110C2A29A1170061AAF6 /* Assets.xcassets in Resources */,
			);
			runOnlyForDeploymentPostprocessing = 0;
		};
/* End PBXResourcesBuildPhase section */

/* Begin PBXSourcesBuildPhase section */
		BAEE11002A29A1150061AAF6 /* Sources */ = {
			isa = PBXSourcesBuildPhase;
			buildActionMask = 2147483647;
			files = (
				BAA6C0DE2A2DE6DD009425FD /* DateFormatter.swift in Sources */,
				BAA6C0E42A2DEA84009425FD /* WebView.swift in Sources */,
				BAEE110A2A29A1150061AAF6 /* MainView.swift in Sources */,
				BAA6C0E62A2DF2E9009425FD /* KeyBoardHandler.swift in Sources */,
				BAEE112E2A29AFA50061AAF6 /* EventRowView.swift in Sources */,
				BAEE112A2A29AF830061AAF6 /* RegisterView.swift in Sources */,
				BAEE11302A29AFB70061AAF6 /* LoginViewViewModel.swift in Sources */,
				BAEE11432A29B5890061AAF6 /* ReuseableButton.swift in Sources */,
				BAEE112C2A29AF950061AAF6 /* EventsListView.swift in Sources */,
				BAEE113A2A29B0160061AAF6 /* EventItem.swift in Sources */,
				BAEE11082A29A1150061AAF6 /* EventsApp.swift in Sources */,
				BAEE113C2A29B0260061AAF6 /* Extencions.swift in Sources */,
				BAEE11282A29AF780061AAF6 /* LoginView.swift in Sources */,
				BAEE111A2A29A2000061AAF6 /* MainViewViewModel.swift in Sources */,
				BAEE113E2A29B0AA0061AAF6 /* HeaderView.swift in Sources */,
				BAEE11382A29B0030061AAF6 /* User.swift in Sources */,
				BAEE11362A29AFE90061AAF6 /* EventRowViewViewModel.swift in Sources */,
				BAEE11322A29AFC20061AAF6 /* RegisterViewViewModel.swift in Sources */,
				BAA6C0E02A2DE972009425FD /* DetailView.swift in Sources */,
				BA8097F52A2A154700CF7A18 /* TODO.swift in Sources */,
				BAEE11342A29AFD80061AAF6 /* EventsListViewViewModel.swift in Sources */,
			);
			runOnlyForDeploymentPostprocessing = 0;
		};
/* End PBXSourcesBuildPhase section */

/* Begin XCBuildConfiguration section */
		BAEE11102A29A1170061AAF6 /* Debug */ = {
			isa = XCBuildConfiguration;
			buildSettings = {
				ALWAYS_SEARCH_USER_PATHS = NO;
				CLANG_ANALYZER_NONNULL = YES;
				CLANG_ANALYZER_NUMBER_OBJECT_CONVERSION = YES_AGGRESSIVE;
				CLANG_CXX_LANGUAGE_STANDARD = "gnu++20";
				CLANG_ENABLE_MODULES = YES;
				CLANG_ENABLE_OBJC_ARC = YES;
				CLANG_ENABLE_OBJC_WEAK = YES;
				CLANG_WARN_BLOCK_CAPTURE_AUTORELEASING = YES;
				CLANG_WARN_BOOL_CONVERSION = YES;
				CLANG_WARN_COMMA = YES;
				CLANG_WARN_CONSTANT_CONVERSION = YES;
				CLANG_WARN_DEPRECATED_OBJC_IMPLEMENTATIONS = YES;
				CLANG_WARN_DIRECT_OBJC_ISA_USAGE = YES_ERROR;
				CLANG_WARN_DOCUMENTATION_COMMENTS = YES;
				CLANG_WARN_EMPTY_BODY = YES;
				CLANG_WARN_ENUM_CONVERSION = YES;
				CLANG_WARN_INFINITE_RECURSION = YES;
				CLANG_WARN_INT_CONVERSION = YES;
				CLANG_WARN_NON_LITERAL_NULL_CONVERSION = YES;
				CLANG_WARN_OBJC_IMPLICIT_RETAIN_SELF = YES;
				CLANG_WARN_OBJC_LITERAL_CONVERSION = YES;
				CLANG_WARN_OBJC_ROOT_CLASS = YES_ERROR;
				CLANG_WARN_QUOTED_INCLUDE_IN_FRAMEWORK_HEADER = YES;
				CLANG_WARN_RANGE_LOOP_ANALYSIS = YES;
				CLANG_WARN_STRICT_PROTOTYPES = YES;
				CLANG_WARN_SUSPICIOUS_MOVE = YES;
				CLANG_WARN_UNGUARDED_AVAILABILITY = YES_AGGRESSIVE;
				CLANG_WARN_UNREACHABLE_CODE = YES;
				CLANG_WARN__DUPLICATE_METHOD_MATCH = YES;
				COPY_PHASE_STRIP = NO;
				DEBUG_INFORMATION_FORMAT = dwarf;
				ENABLE_STRICT_OBJC_MSGSEND = YES;
				ENABLE_TESTABILITY = YES;
				GCC_C_LANGUAGE_STANDARD = gnu11;
				GCC_DYNAMIC_NO_PIC = NO;
				GCC_NO_COMMON_BLOCKS = YES;
				GCC_OPTIMIZATION_LEVEL = 0;
				GCC_PREPROCESSOR_DEFINITIONS = (
					"DEBUG=1",
					"$(inherited)",
				);
				GCC_WARN_64_TO_32_BIT_CONVERSION = YES;
				GCC_WARN_ABOUT_RETURN_TYPE = YES_ERROR;
				GCC_WARN_UNDECLARED_SELECTOR = YES;
				GCC_WARN_UNINITIALIZED_AUTOS = YES_AGGRESSIVE;
				GCC_WARN_UNUSED_FUNCTION = YES;
				GCC_WARN_UNUSED_VARIABLE = YES;
				IPHONEOS_DEPLOYMENT_TARGET = 16.4;
				MTL_ENABLE_DEBUG_INFO = INCLUDE_SOURCE;
				MTL_FAST_MATH = YES;
				ONLY_ACTIVE_ARCH = YES;
				SDKROOT = iphoneos;
				SWIFT_ACTIVE_COMPILATION_CONDITIONS = DEBUG;
				SWIFT_OPTIMIZATION_LEVEL = "-Onone";
			};
			name = Debug;
		};
		BAEE11112A29A1170061AAF6 /* Release */ = {
			isa = XCBuildConfiguration;
			buildSettings = {
				ALWAYS_SEARCH_USER_PATHS = NO;
				CLANG_ANALYZER_NONNULL = YES;
				CLANG_ANALYZER_NUMBER_OBJECT_CONVERSION = YES_AGGRESSIVE;
				CLANG_CXX_LANGUAGE_STANDARD = "gnu++20";
				CLANG_ENABLE_MODULES = YES;
				CLANG_ENABLE_OBJC_ARC = YES;
				CLANG_ENABLE_OBJC_WEAK = YES;
				CLANG_WARN_BLOCK_CAPTURE_AUTORELEASING = YES;
				CLANG_WARN_BOOL_CONVERSION = YES;
				CLANG_WARN_COMMA = YES;
				CLANG_WARN_CONSTANT_CONVERSION = YES;
				CLANG_WARN_DEPRECATED_OBJC_IMPLEMENTATIONS = YES;
				CLANG_WARN_DIRECT_OBJC_ISA_USAGE = YES_ERROR;
				CLANG_WARN_DOCUMENTATION_COMMENTS = YES;
				CLANG_WARN_EMPTY_BODY = YES;
				CLANG_WARN_ENUM_CONVERSION = YES;
				CLANG_WARN_INFINITE_RECURSION = YES;
				CLANG_WARN_INT_CONVERSION = YES;
				CLANG_WARN_NON_LITERAL_NULL_CONVERSION = YES;
				CLANG_WARN_OBJC_IMPLICIT_RETAIN_SELF = YES;
				CLANG_WARN_OBJC_LITERAL_CONVERSION = YES;
				CLANG_WARN_OBJC_ROOT_CLASS = YES_ERROR;
				CLANG_WARN_QUOTED_INCLUDE_IN_FRAMEWORK_HEADER = YES;
				CLANG_WARN_RANGE_LOOP_ANALYSIS = YES;
				CLANG_WARN_STRICT_PROTOTYPES = YES;
				CLANG_WARN_SUSPICIOUS_MOVE = YES;
				CLANG_WARN_UNGUARDED_AVAILABILITY = YES_AGGRESSIVE;
				CLANG_WARN_UNREACHABLE_CODE = YES;
				CLANG_WARN__DUPLICATE_METHOD_MATCH = YES;
				COPY_PHASE_STRIP = NO;
				DEBUG_INFORMATION_FORMAT = "dwarf-with-dsym";
				ENABLE_NS_ASSERTIONS = NO;
				ENABLE_STRICT_OBJC_MSGSEND = YES;
				GCC_C_LANGUAGE_STANDARD = gnu11;
				GCC_NO_COMMON_BLOCKS = YES;
				GCC_WARN_64_TO_32_BIT_CONVERSION = YES;
				GCC_WARN_ABOUT_RETURN_TYPE = YES_ERROR;
				GCC_WARN_UNDECLARED_SELECTOR = YES;
				GCC_WARN_UNINITIALIZED_AUTOS = YES_AGGRESSIVE;
				GCC_WARN_UNUSED_FUNCTION = YES;
				GCC_WARN_UNUSED_VARIABLE = YES;
				IPHONEOS_DEPLOYMENT_TARGET = 16.4;
				MTL_ENABLE_DEBUG_INFO = NO;
				MTL_FAST_MATH = YES;
				SDKROOT = iphoneos;
				SWIFT_COMPILATION_MODE = wholemodule;
				SWIFT_OPTIMIZATION_LEVEL = "-O";
				VALIDATE_PRODUCT = YES;
			};
			name = Release;
		};
		BAEE11132A29A1170061AAF6 /* Debug */ = {
			isa = XCBuildConfiguration;
			buildSettings = {
				ASSETCATALOG_COMPILER_APPICON_NAME = AppIcon;
				ASSETCATALOG_COMPILER_GLOBAL_ACCENT_COLOR_NAME = AccentColor;
				CODE_SIGN_STYLE = Automatic;
				CURRENT_PROJECT_VERSION = 1;
				DEVELOPMENT_ASSET_PATHS = "\"Events/Preview Content\"";
				DEVELOPMENT_TEAM = N678P9RHG4;
				ENABLE_PREVIEWS = YES;
				GENERATE_INFOPLIST_FILE = YES;
				INFOPLIST_KEY_CFBundleDisplayName = Events;
				INFOPLIST_KEY_UIApplicationSceneManifest_Generation = YES;
				INFOPLIST_KEY_UIApplicationSupportsIndirectInputEvents = YES;
				INFOPLIST_KEY_UILaunchScreen_Generation = YES;
				INFOPLIST_KEY_UISupportedInterfaceOrientations = UIInterfaceOrientationPortrait;
				LD_RUNPATH_SEARCH_PATHS = (
					"$(inherited)",
					"@executable_path/Frameworks",
				);
				MARKETING_VERSION = 1.0;
				PRODUCT_BUNDLE_IDENTIFIER = "-EventsApp.Events";
				PRODUCT_NAME = "$(TARGET_NAME)";
				SUPPORTED_PLATFORMS = "iphoneos iphonesimulator";
				SUPPORTS_MACCATALYST = NO;
				SUPPORTS_MAC_DESIGNED_FOR_IPHONE_IPAD = NO;
				SWIFT_EMIT_LOC_STRINGS = YES;
				SWIFT_VERSION = 5.0;
				TARGETED_DEVICE_FAMILY = "1,2";
			};
			name = Debug;
		};
		BAEE11142A29A1170061AAF6 /* Release */ = {
			isa = XCBuildConfiguration;
			buildSettings = {
				ASSETCATALOG_COMPILER_APPICON_NAME = AppIcon;
				ASSETCATALOG_COMPILER_GLOBAL_ACCENT_COLOR_NAME = AccentColor;
				CODE_SIGN_STYLE = Automatic;
				CURRENT_PROJECT_VERSION = 1;
				DEVELOPMENT_ASSET_PATHS = "\"Events/Preview Content\"";
				DEVELOPMENT_TEAM = N678P9RHG4;
				ENABLE_PREVIEWS = YES;
				GENERATE_INFOPLIST_FILE = YES;
				INFOPLIST_KEY_CFBundleDisplayName = Events;
				INFOPLIST_KEY_UIApplicationSceneManifest_Generation = YES;
				INFOPLIST_KEY_UIApplicationSupportsIndirectInputEvents = YES;
				INFOPLIST_KEY_UILaunchScreen_Generation = YES;
				INFOPLIST_KEY_UISupportedInterfaceOrientations = UIInterfaceOrientationPortrait;
				LD_RUNPATH_SEARCH_PATHS = (
					"$(inherited)",
					"@executable_path/Frameworks",
				);
				MARKETING_VERSION = 1.0;
				PRODUCT_BUNDLE_IDENTIFIER = "-EventsApp.Events";
				PRODUCT_NAME = "$(TARGET_NAME)";
				SUPPORTED_PLATFORMS = "iphoneos iphonesimulator";
				SUPPORTS_MACCATALYST = NO;
				SUPPORTS_MAC_DESIGNED_FOR_IPHONE_IPAD = NO;
				SWIFT_EMIT_LOC_STRINGS = YES;
				SWIFT_VERSION = 5.0;
				TARGETED_DEVICE_FAMILY = "1,2";
			};
			name = Release;
		};
/* End XCBuildConfiguration section */

/* Begin XCConfigurationList section */
		BAEE10FF2A29A1150061AAF6 /* Build configuration list for PBXProject "Events" */ = {
			isa = XCConfigurationList;
			buildConfigurations = (
				BAEE11102A29A1170061AAF6 /* Debug */,
				BAEE11112A29A1170061AAF6 /* Release */,
			);
			defaultConfigurationIsVisible = 0;
			defaultConfigurationName = Release;
		};
		BAEE11122A29A1170061AAF6 /* Build configuration list for PBXNativeTarget "Events" */ = {
			isa = XCConfigurationList;
			buildConfigurations = (
				BAEE11132A29A1170061AAF6 /* Debug */,
				BAEE11142A29A1170061AAF6 /* Release */,
			);
			defaultConfigurationIsVisible = 0;
			defaultConfigurationName = Release;
		};
/* End XCConfigurationList section */

/* Begin XCRemoteSwiftPackageReference section */
		BAEE111E2A29A9EB0061AAF6 /* XCRemoteSwiftPackageReference "firebase-ios-sdk" */ = {
			isa = XCRemoteSwiftPackageReference;
			repositoryURL = "https://github.com/firebase/firebase-ios-sdk";
			requirement = {
				kind = upToNextMajorVersion;
				minimumVersion = 10.0.0;
			};
		};
/* End XCRemoteSwiftPackageReference section */

/* Begin XCSwiftPackageProductDependency section */
		BAEE111F2A29A9EB0061AAF6 /* FirebaseAuth */ = {
			isa = XCSwiftPackageProductDependency;
			package = BAEE111E2A29A9EB0061AAF6 /* XCRemoteSwiftPackageReference "firebase-ios-sdk" */;
			productName = FirebaseAuth;
		};
		BAEE11212A29A9EB0061AAF6 /* FirebaseFirestore */ = {
			isa = XCSwiftPackageProductDependency;
			package = BAEE111E2A29A9EB0061AAF6 /* XCRemoteSwiftPackageReference "firebase-ios-sdk" */;
			productName = FirebaseFirestore;
		};
		BAEE11232A29A9EB0061AAF6 /* FirebaseFirestoreSwift */ = {
			isa = XCSwiftPackageProductDependency;
			package = BAEE111E2A29A9EB0061AAF6 /* XCRemoteSwiftPackageReference "firebase-ios-sdk" */;
			productName = FirebaseFirestoreSwift;
		};
/* End XCSwiftPackageProductDependency section */
	};
	rootObject = BAEE10FC2A29A1150061AAF6 /* Project object */;
}
